{
  "nodes": {
    "flake-utils": {
      "inputs": {
        "systems": "systems"
      },
      "locked": {
        "lastModified": 1731533236,
        "narHash": "sha256-l0KFg5HjrsfsO/JpG+r7fRrqm12kzFHyUHqHCVpMMbI=",
        "owner": "numtide",
        "repo": "flake-utils",
        "rev": "11707dc2f618dd54ca8739b309ec4fc024de578b",
        "type": "github"
      },
      "original": {
        "owner": "numtide",
        "repo": "flake-utils",
        "type": "github"
      }
    },
    "foundry": {
      "inputs": {
        "flake-utils": [
          "flake-utils"
        ],
        "nixpkgs": [
          "nixpkgs"
        ]
      },
      "locked": {
        "lastModified": 1739524201,
        "narHash": "sha256-ihmDBJIcM8sMvzYDGCc2aas34kLOEwXQuWlOvocChjk=",
        "owner": "shazow",
        "repo": "foundry.nix",
        "rev": "72db7ea069f055d5c7856aca091179a070201931",
        "type": "github"
      },
      "original": {
        "owner": "shazow",
        "ref": "stable",
        "repo": "foundry.nix",
        "type": "github"
      }
    },
    "mk-cache-key": {
      "inputs": {
        "flake-utils": [
          "flake-utils"
        ],
        "nixpkgs": [
          "nixpkgs"
        ]
      },
      "locked": {
        "lastModified": 1718047354,
        "narHash": "sha256-WGlodS+Ju1rH5CNuDeNDuRMEXAk4A3IZIimIGNMdoxk=",
        "owner": "hellwolf",
        "repo": "mk-cache-key.nix",
        "rev": "82f25a577f25fcb9eed94b3a04330ccf4a102cba",
        "type": "github"
      },
      "original": {
        "owner": "hellwolf",
        "ref": "master",
        "repo": "mk-cache-key.nix",
        "type": "github"
      }
    },
    "nixpkgs": {
      "locked": {
        "lastModified": 1731890469,
        "narHash": "sha256-D1FNZ70NmQEwNxpSSdTXCSklBH1z2isPR84J6DQrJGs=",
        "owner": "NixOS",
        "repo": "nixpkgs",
        "rev": "5083ec887760adfe12af64830a66807423a859a7",
        "type": "github"
      },
      "original": {
        "owner": "NixOS",
        "ref": "nixpkgs-unstable",
        "repo": "nixpkgs",
        "type": "github"
      }
    },
    "root": {
      "inputs": {
        "flake-utils": "flake-utils",
        "foundry": "foundry",
        "mk-cache-key": "mk-cache-key",
        "nixpkgs": "nixpkgs",
        "solc": "solc"
      }
    },
    "solc": {
      "inputs": {
        "flake-utils": [
          "flake-utils"
        ],
        "nixpkgs": [
          "nixpkgs"
        ],
        "solc-macos-amd64-list-json": "solc-macos-amd64-list-json"
      },
      "locked": {
        "lastModified": 1731758759,
        "narHash": "sha256-NX4+V6Q8bwopah0oza/Dpf6UsYNGbokW2kE9qT3wdHY=",
        "owner": "hellwolf",
        "repo": "solc.nix",
        "rev": "0714c24cd521b9eb3ee435818c5d743ac6179176",
        "type": "github"
      },
      "original": {
        "owner": "hellwolf",
        "repo": "solc.nix",
        "type": "github"
      }
    },
    "solc-macos-amd64-list-json": {
      "flake": false,
      "locked": {
        "narHash": "sha256-KBEEpcDeKtVvCeguRP0D499yg9O5Jef9Nxn3yfrmw9g=",
        "type": "file",
        "url": "https://github.com/ethereum/solc-bin/raw/67f45d8/macosx-amd64/list.json"
      },
      "original": {
        "type": "file",
        "url": "https://github.com/ethereum/solc-bin/raw/67f45d8/macosx-amd64/list.json"
      }
    },
    "systems": {
      "locked": {
        "lastModified": 1681028828,
        "narHash": "sha256-Vy1rq5AaRuLzOxct8nz4T6wlgyUR7zLU309k9mBC768=",
        "owner": "nix-systems",
        "repo": "default",
        "rev": "da67096a3b9bf56a91d16901293e51ba5b49a27e",
        "type": "github"
      },
      "original": {
        "owner": "nix-systems",
        "repo": "default",
        "type": "github"
      }
    }
  },
  "root": "root",
  "version": 7
}
